
Microsoft Visual Studio Solution File, Format Version 12.00
# Visual Studio 14
VisualStudioVersion = 14.0.23107.0
MinimumVisualStudioVersion = 10.0.40219.1
Project("{D2ABAB84-BF74-430A-B69E-9DC6D40DDA17}") = "Melbourne_Housing_SSAS", "Melbourne_Housing_SSAS\Melbourne_Housing_SSAS.dwproj", "{1596874B-ACA8-466A-B5C8-7DD0F670E9A7}"
EndProject
Global
	GlobalSection(SolutionConfigurationPlatforms) = preSolution
		Development|Default = Development|Default
	EndGlobalSection
	GlobalSection(ProjectConfigurationPlatforms) = postSolution
		{1596874B-ACA8-466A-B5C8-7DD0F670E9A7}.Development|Default.ActiveCfg = Development
		{1596874B-ACA8-466A-B5C8-7DD0F670E9A7}.Development|Default.Build.0 = Development
		{1596874B-ACA8-466A-B5C8-7DD0F670E9A7}.Development|Default.Deploy.0 = Development
	EndGlobalSection
	GlobalSection(SolutionProperties) = preSolution
		HideSolutionNode = FALSE
	EndGlobalSection
EndGlobal
