
Microsoft Visual Studio Solution File, Format Version 12.00
# Visual Studio 14
VisualStudioVersion = 14.0.23107.0
MinimumVisualStudioVersion = 10.0.40219.1
Project("{159641D6-6404-4A2A-AE62-294DE0FE8301}") = "Melbourne_Housing", "Melbourne_Housing\Melbourne_Housing.dtproj", "{CFA15173-EBAC-4AFF-9B74-DAF551B0A867}"
EndProject
Global
	GlobalSection(SolutionConfigurationPlatforms) = preSolution
		Development|Default = Development|Default
	EndGlobalSection
	GlobalSection(ProjectConfigurationPlatforms) = postSolution
		{CFA15173-EBAC-4AFF-9B74-DAF551B0A867}.Development|Default.ActiveCfg = Development
		{CFA15173-EBAC-4AFF-9B74-DAF551B0A867}.Development|Default.Build.0 = Development
	EndGlobalSection
	GlobalSection(SolutionProperties) = preSolution
		HideSolutionNode = FALSE
	EndGlobalSection
EndGlobal
